
Microsoft Visual Studio Solution File, Format Version 12.00
# Visual Studio Version 17
VisualStudioVersion = 17.6.33829.357
MinimumVisualStudioVersion = 10.0.40219.1
Project("{FAE04EC0-301F-11D3-BF4B-00C04F79EFBC}") = "Group_BeanBooking", "Group_BeanBooking.csproj", "{83C51D03-AD6A-46A1-A0A3-397140EBFC4F}"
EndProject
Global
	GlobalSection(SolutionConfigurationPlatforms) = preSolution
		Debug|Any CPU = Debug|Any CPU
		Release|Any CPU = Release|Any CPU
	EndGlobalSection
	GlobalSection(ProjectConfigurationPlatforms) = postSolution
		{83C51D03-AD6A-46A1-A0A3-397140EBFC4F}.Debug|Any CPU.ActiveCfg = Debug|Any CPU
		{83C51D03-AD6A-46A1-A0A3-397140EBFC4F}.Debug|Any CPU.Build.0 = Debug|Any CPU
		{83C51D03-AD6A-46A1-A0A3-397140EBFC4F}.Release|Any CPU.ActiveCfg = Release|Any CPU
		{83C51D03-AD6A-46A1-A0A3-397140EBFC4F}.Release|Any CPU.Build.0 = Release|Any CPU
	EndGlobalSection
	GlobalSection(SolutionProperties) = preSolution
		HideSolutionNode = FALSE
	EndGlobalSection
	GlobalSection(ExtensibilityGlobals) = postSolution
		SolutionGuid = {29395C15-DB11-4661-82D4-FBAB15BAB6A1}
	EndGlobalSection
EndGlobal
